// !$*UTF8*$!
{
	archiveVersion = 1;
	classes = {
	};
	objectVersion = 48;
	objects = {

/* Begin PBXBuildFile section */
		A693FB631FF0C88200103DDD /* AppDelegate.m in Sources */ = {isa = PBXBuildFile; fileRef = A693FB621FF0C88200103DDD /* AppDelegate.m */; };
		A693FB661FF0C88200103DDD /* ViewController.m in Sources */ = {isa = PBXBuildFile; fileRef = A693FB651FF0C88200103DDD /* ViewController.m */; };
		A693FB681FF0C88200103DDD /* Assets.xcassets in Resources */ = {isa = PBXBuildFile; fileRef = A693FB671FF0C88200103DDD /* Assets.xcassets */; };
		A693FB6B1FF0C88200103DDD /* Main.storyboard in Resources */ = {isa = PBXBuildFile; fileRef = A693FB691FF0C88200103DDD /* Main.storyboard */; };
		A693FB6E1FF0C88200103DDD /* main.m in Sources */ = {isa = PBXBuildFile; fileRef = A693FB6D1FF0C88200103DDD /* main.m */; };
/* End PBXBuildFile section */

/* Begin PBXFileReference section */
		A693FB5E1FF0C88200103DDD /* BXHModelTools.app */ = {isa = PBXFileReference; explicitFileType = wrapper.application; includeInIndex = 0; path = BXHModelTools.app; sourceTree = BUILT_PRODUCTS_DIR; };
		A693FB611FF0C88200103DDD /* AppDelegate.h */ = {isa = PBXFileReference; lastKnownFileType = sourcecode.c.h; path = AppDelegate.h; sourceTree = "<group>"; };
		A693FB621FF0C88200103DDD /* AppDelegate.m */ = {isa = PBXFileReference; lastKnownFileType = sourcecode.c.objc; path = AppDelegate.m; sourceTree = "<group>"; };
		A693FB641FF0C88200103DDD /* ViewController.h */ = {isa = PBXFileReference; lastKnownFileType = sourcecode.c.h; path = ViewController.h; sourceTree = "<group>"; };
		A693FB651FF0C88200103DDD /* ViewController.m */ = {isa = PBXFileReference; lastKnownFileType = sourcecode.c.objc; path = ViewController.m; sourceTree = "<group>"; };
		A693FB671FF0C88200103DDD /* Assets.xcassets */ = {isa = PBXFileReference; lastKnownFileType = folder.assetcatalog; path = Assets.xcassets; sourceTree = "<group>"; };
		A693FB6A1FF0C88200103DDD /* Base */ = {isa = PBXFileReference; lastKnownFileType = file.storyboard; name = Base; path = Base.lproj/Main.storyboard; sourceTree = "<group>"; };
		A693FB6C1FF0C88200103DDD /* Info.plist */ = {isa = PBXFileReference; lastKnownFileType = text.plist.xml; path = Info.plist; sourceTree = "<group>"; };
		A693FB6D1FF0C88200103DDD /* main.m */ = {isa = PBXFileReference; lastKnownFileType = sourcecode.c.objc; path = main.m; sourceTree = "<group>"; };
		A693FB6F1FF0C88200103DDD /* BXHModelTools.entitlements */ = {isa = PBXFileReference; lastKnownFileType = text.plist.entitlements; path = BXHModelTools.entitlements; sourceTree = "<group>"; };
/* End PBXFileReference section */

/* Begin PBXFrameworksBuildPhase section */
		A693FB5B1FF0C88200103DDD /* Frameworks */ = {
			isa = PBXFrameworksBuildPhase;
			buildActionMask = 2147483647;
			files = (
			);
			runOnlyForDeploymentPostprocessing = 0;
		};
/* End PBXFrameworksBuildPhase section */

/* Begin PBXGroup section */
		A693FB551FF0C88200103DDD = {
			isa = PBXGroup;
			children = (
				A693FB601FF0C88200103DDD /* BXHModelTools */,
				A693FB5F1FF0C88200103DDD /* Products */,
			);
			sourceTree = "<group>";
		};
		A693FB5F1FF0C88200103DDD /* Products */ = {
			isa = PBXGroup;
			children = (
				A693FB5E1FF0C88200103DDD /* BXHModelTools.app */,
			);
			name = Products;
			sourceTree = "<group>";
		};
		A693FB601FF0C88200103DDD /* BXHModelTools */ = {
			isa = PBXGroup;
			children = (
				A693FB611FF0C88200103DDD /* AppDelegate.h */,
				A693FB621FF0C88200103DDD /* AppDelegate.m */,
				A693FB641FF0C88200103DDD /* ViewController.h */,
				A693FB651FF0C88200103DDD /* ViewController.m */,
				A693FB671FF0C88200103DDD /* Assets.xcassets */,
				A693FB691FF0C88200103DDD /* Main.storyboard */,
				A693FB6C1FF0C88200103DDD /* Info.plist */,
				A693FB6D1FF0C88200103DDD /* main.m */,
				A693FB6F1FF0C88200103DDD /* BXHModelTools.entitlements */,
			);
			path = BXHModelTools;
			sourceTree = "<group>";
		};
/* End PBXGroup section */

/* Begin PBXNativeTarget section */
		A693FB5D1FF0C88200103DDD /* BXHModelTools */ = {
			isa = PBXNativeTarget;
			buildConfigurationList = A693FB721FF0C88200103DDD /* Build configuration list for PBXNativeTarget "BXHModelTools" */;
			buildPhases = (
				A693FB5A1FF0C88200103DDD /* Sources */,
				A693FB5B1FF0C88200103DDD /* Frameworks */,
				A693FB5C1FF0C88200103DDD /* Resources */,
			);
			buildRules = (
			);
			dependencies = (
			);
			name = BXHModelTools;
			productName = BXHModelTools;
			productReference = A693FB5E1FF0C88200103DDD /* BXHModelTools.app */;
			productType = "com.apple.product-type.application";
		};
/* End PBXNativeTarget section */

/* Begin PBXProject section */
		A693FB561FF0C88200103DDD /* Project object */ = {
			isa = PBXProject;
			attributes = {
				LastUpgradeCheck = 0920;
				ORGANIZATIONNAME = "步晓虎";
				TargetAttributes = {
					A693FB5D1FF0C88200103DDD = {
						CreatedOnToolsVersion = 9.2;
						ProvisioningStyle = Automatic;
					};
				};
			};
			buildConfigurationList = A693FB591FF0C88200103DDD /* Build configuration list for PBXProject "BXHModelTools" */;
			compatibilityVersion = "Xcode 8.0";
			developmentRegion = en;
			hasScannedForEncodings = 0;
			knownRegions = (
				en,
				Base,
			);
			mainGroup = A693FB551FF0C88200103DDD;
			productRefGroup = A693FB5F1FF0C88200103DDD /* Products */;
			projectDirPath = "";
			projectRoot = "";
			targets = (
				A693FB5D1FF0C88200103DDD /* BXHModelTools */,
			);
		};
/* End PBXProject section */

/* Begin PBXResourcesBuildPhase section */
		A693FB5C1FF0C88200103DDD /* Resources */ = {
			isa = PBXResourcesBuildPhase;
			buildActionMask = 2147483647;
			files = (
				A693FB681FF0C88200103DDD /* Assets.xcassets in Resources */,
				A693FB6B1FF0C88200103DDD /* Main.storyboard in Resources */,
			);
			runOnlyForDeploymentPostprocessing = 0;
		};
/* End PBXResourcesBuildPhase section */

/* Begin PBXSourcesBuildPhase section */
		A693FB5A1FF0C88200103DDD /* Sources */ = {
			isa = PBXSourcesBuildPhase;
			buildActionMask = 2147483647;
			files = (
				A693FB661FF0C88200103DDD /* ViewController.m in Sources */,
				A693FB6E1FF0C88200103DDD /* main.m in Sources */,
				A693FB631FF0C88200103DDD /* AppDelegate.m in Sources */,
			);
			runOnlyForDeploymentPostprocessing = 0;
		};
/* End PBXSourcesBuildPhase section */

/* Begin PBXVariantGroup section */
		A693FB691FF0C88200103DDD /* Main.storyboard */ = {
			isa = PBXVariantGroup;
			children = (
				A693FB6A1FF0C88200103DDD /* Base */,
			);
			name = Main.storyboard;
			sourceTree = "<group>";
		};
/* End PBXVariantGroup section */

/* Begin XCBuildConfiguration section */
		A693FB701FF0C88200103DDD /* Debug */ = {
			isa = XCBuildConfiguration;
			buildSettings = {
				ALWAYS_SEARCH_USER_PATHS = NO;
				CLANG_ANALYZER_NONNULL = YES;
				CLANG_ANALYZER_NUMBER_OBJECT_CONVERSION = YES_AGGRESSIVE;
				CLANG_CXX_LANGUAGE_STANDARD = "gnu++14";
				CLANG_CXX_LIBRARY = "libc++";
				CLANG_ENABLE_MODULES = YES;
				CLANG_ENABLE_OBJC_ARC = YES;
				CLANG_WARN_BLOCK_CAPTURE_AUTORELEASING = YES;
				CLANG_WARN_BOOL_CONVERSION = YES;
				CLANG_WARN_COMMA = YES;
				CLANG_WARN_CONSTANT_CONVERSION = YES;
				CLANG_WARN_DIRECT_OBJC_ISA_USAGE = YES_ERROR;
				CLANG_WARN_DOCUMENTATION_COMMENTS = YES;
				CLANG_WARN_EMPTY_BODY = YES;
				CLANG_WARN_ENUM_CONVERSION = YES;
				CLANG_WARN_INFINITE_RECURSION = YES;
				CLANG_WARN_INT_CONVERSION = YES;
				CLANG_WARN_NON_LITERAL_NULL_CONVERSION = YES;
				CLANG_WARN_OBJC_LITERAL_CONVERSION = YES;
				CLANG_WARN_OBJC_ROOT_CLASS = YES_ERROR;
				CLANG_WARN_RANGE_LOOP_ANALYSIS = YES;
				CLANG_WARN_STRICT_PROTOTYPES = YES;
				CLANG_WARN_SUSPICIOUS_MOVE = YES;
				CLANG_WARN_UNGUARDED_AVAILABILITY = YES_AGGRESSIVE;
				CLANG_WARN_UNREACHABLE_CODE = YES;
				CLANG_WARN__DUPLICATE_METHOD_MATCH = YES;
				CODE_SIGN_IDENTITY = "-";
				COPY_PHASE_STRIP = NO;
				DEBUG_INFORMATION_FORMAT = dwarf;
				ENABLE_STRICT_OBJC_MSGSEND = YES;
				ENABLE_TESTABILITY = YES;
				GCC_C_LANGUAGE_STANDARD = gnu11;
				GCC_DYNAMIC_NO_PIC = NO;
				GCC_NO_COMMON_BLOCKS = YES;
				GCC_OPTIMIZATION_LEVEL = 0;
				GCC_PREPROCESSOR_DEFINITIONS = (
					"DEBUG=1",
					"$(inherited)",
				);
				GCC_WARN_64_TO_32_BIT_CONVERSION = YES;
				GCC_WARN_ABOUT_RETURN_TYPE = YES_ERROR;
				GCC_WARN_UNDECLARED_SELECTOR = YES;
				GCC_WARN_UNINITIALIZED_AUTOS = YES_AGGRESSIVE;
				GCC_WARN_UNUSED_FUNCTION = YES;
				GCC_WARN_UNUSED_VARIABLE = YES;
				MACOSX_DEPLOYMENT_TARGET = 10.13;
				MTL_ENABLE_DEBUG_INFO = YES;
				ONLY_ACTIVE_ARCH = YES;
				SDKROOT = macosx;
			};
			name = Debug;
		};
		A693FB711FF0C88200103DDD /* Release */ = {
			isa = XCBuildConfiguration;
			buildSettings = {
				ALWAYS_SEARCH_USER_PATHS = NO;
				CLANG_ANALYZER_NONNULL = YES;
				CLANG_ANALYZER_NUMBER_OBJECT_CONVERSION = YES_AGGRESSIVE;
				CLANG_CXX_LANGUAGE_STANDARD = "gnu++14";
				CLANG_CXX_LIBRARY = "libc++";
				CLANG_ENABLE_MODULES = YES;
				CLANG_ENABLE_OBJC_ARC = YES;
				CLANG_WARN_BLOCK_CAPTURE_AUTORELEASING = YES;
				CLANG_WARN_BOOL_CONVERSION = YES;
				CLANG_WARN_COMMA = YES;
				CLANG_WARN_CONSTANT_CONVERSION = YES;
				CLANG_WARN_DIRECT_OBJC_ISA_USAGE = YES_ERROR;
				CLANG_WARN_DOCUMENTATION_COMMENTS = YES;
				CLANG_WARN_EMPTY_BODY = YES;
				CLANG_WARN_ENUM_CONVERSION = YES;
				CLANG_WARN_INFINITE_RECURSION = YES;
				CLANG_WARN_INT_CONVERSION = YES;
				CLANG_WARN_NON_LITERAL_NULL_CONVERSION = YES;
				CLANG_WARN_OBJC_LITERAL_CONVERSION = YES;
				CLANG_WARN_OBJC_ROOT_CLASS = YES_ERROR;
				CLANG_WARN_RANGE_LOOP_ANALYSIS = YES;
				CLANG_WARN_STRICT_PROTOTYPES = YES;
				CLANG_WARN_SUSPICIOUS_MOVE = YES;
				CLANG_WARN_UNGUARDED_AVAILABILITY = YES_AGGRESSIVE;
				CLANG_WARN_UNREACHABLE_CODE = YES;
				CLANG_WARN__DUPLICATE_METHOD_MATCH = YES;
				CODE_SIGN_IDENTITY = "-";
				COPY_PHASE_STRIP = NO;
				DEBUG_INFORMATION_FORMAT = "dwarf-with-dsym";
				ENABLE_NS_ASSERTIONS = NO;
				ENABLE_STRICT_OBJC_MSGSEND = YES;
				GCC_C_LANGUAGE_STANDARD = gnu11;
				GCC_NO_COMMON_BLOCKS = YES;
				GCC_WARN_64_TO_32_BIT_CONVERSION = YES;
				GCC_WARN_ABOUT_RETURN_TYPE = YES_ERROR;
				GCC_WARN_UNDECLARED_SELECTOR = YES;
				GCC_WARN_UNINITIALIZED_AUTOS = YES_AGGRESSIVE;
				GCC_WARN_UNUSED_FUNCTION = YES;
				GCC_WARN_UNUSED_VARIABLE = YES;
				MACOSX_DEPLOYMENT_TARGET = 10.13;
				MTL_ENABLE_DEBUG_INFO = NO;
				SDKROOT = macosx;
			};
			name = Release;
		};
		A693FB731FF0C88200103DDD /* Debug */ = {
			isa = XCBuildConfiguration;
			buildSettings = {
				ASSETCATALOG_COMPILER_APPICON_NAME = AppIcon;
				CODE_SIGN_ENTITLEMENTS = BXHModelTools/BXHModelTools.entitlements;
				CODE_SIGN_STYLE = Automatic;
				COMBINE_HIDPI_IMAGES = YES;
				INFOPLIST_FILE = BXHModelTools/Info.plist;
				LD_RUNPATH_SEARCH_PATHS = "$(inherited) @executable_path/../Frameworks";
				PRODUCT_BUNDLE_IDENTIFIER = Com.SZY.live.BXHModelTools;
				PRODUCT_NAME = "$(TARGET_NAME)";
			};
			name = Debug;
		};
		A693FB741FF0C88200103DDD /* Release */ = {
			isa = XCBuildConfiguration;
			buildSettings = {
				ASSETCATALOG_COMPILER_APPICON_NAME = AppIcon;
				CODE_SIGN_ENTITLEMENTS = BXHModelTools/BXHModelTools.entitlements;
				CODE_SIGN_STYLE = Automatic;
				COMBINE_HIDPI_IMAGES = YES;
				INFOPLIST_FILE = BXHModelTools/Info.plist;
				LD_RUNPATH_SEARCH_PATHS = "$(inherited) @executable_path/../Frameworks";
				PRODUCT_BUNDLE_IDENTIFIER = Com.SZY.live.BXHModelTools;
				PRODUCT_NAME = "$(TARGET_NAME)";
			};
			name = Release;
		};
/* End XCBuildConfiguration section */

/* Begin XCConfigurationList section */
		A693FB591FF0C88200103DDD /* Build configuration list for PBXProject "BXHModelTools" */ = {
			isa = XCConfigurationList;
			buildConfigurations = (
				A693FB701FF0C88200103DDD /* Debug */,
				A693FB711FF0C88200103DDD /* Release */,
			);
			defaultConfigurationIsVisible = 0;
			defaultConfigurationName = Release;
		};
		A693FB721FF0C88200103DDD /* Build configuration list for PBXNativeTarget "BXHModelTools" */ = {
			isa = XCConfigurationList;
			buildConfigurations = (
				A693FB731FF0C88200103DDD /* Debug */,
				A693FB741FF0C88200103DDD /* Release */,
			);
			defaultConfigurationIsVisible = 0;
			defaultConfigurationName = Release;
		};
/* End XCConfigurationList section */
	};
	rootObject = A693FB561FF0C88200103DDD /* Project object */;
}
